
Microsoft Visual Studio Solution File, Format Version 12.00
# Visual Studio 15
VisualStudioVersion = 15.0.28010.2019
MinimumVisualStudioVersion = 10.0.40219.1
Project("{FAE04EC0-301F-11D3-BF4B-00C04F79EFBC}") = "Mic.Volo.LINQGroup", "Mic.Volo.LINQGroup\Mic.Volo.LINQGroup.csproj", "{2642F19D-ED47-455A-90AB-E7CEFCBD5232}"
EndProject
Global
	GlobalSection(SolutionConfigurationPlatforms) = preSolution
		Debug|Any CPU = Debug|Any CPU
		Release|Any CPU = Release|Any CPU
	EndGlobalSection
	GlobalSection(ProjectConfigurationPlatforms) = postSolution
		{2642F19D-ED47-455A-90AB-E7CEFCBD5232}.Debug|Any CPU.ActiveCfg = Debug|Any CPU
		{2642F19D-ED47-455A-90AB-E7CEFCBD5232}.Debug|Any CPU.Build.0 = Debug|Any CPU
		{2642F19D-ED47-455A-90AB-E7CEFCBD5232}.Release|Any CPU.ActiveCfg = Release|Any CPU
		{2642F19D-ED47-455A-90AB-E7CEFCBD5232}.Release|Any CPU.Build.0 = Release|Any CPU
	EndGlobalSection
	GlobalSection(SolutionProperties) = preSolution
		HideSolutionNode = FALSE
	EndGlobalSection
	GlobalSection(ExtensibilityGlobals) = postSolution
		SolutionGuid = {BD7D662C-CB43-4992-B37E-DB98729AFE1C}
	EndGlobalSection
EndGlobal
